{
  "name": "akari_madness",
  "version": "1.0.0",
  "lockfileVersion": 2,
  "requires": true,
  "packages": {
    "": {
      "name": "akari_madness",
      "version": "1.0.0",
      "license": "MIT",
      "dependencies": {
        "arcadia": "^2",
        "sona": "^1.0.3"
      },
      "devDependencies": {
        "uglify-js": "^3"
      }
    },
    "node_modules/arcadia": {
      "version": "2.0.1",
      "resolved": "https://registry.npmjs.org/arcadia/-/arcadia-2.0.1.tgz",
      "integrity": "sha1-vhrTTdIpbiVxNGVjdkMmll5mIkU="
    },
    "node_modules/sona": {
      "version": "1.0.3",
      "resolved": "https://registry.npmjs.org/sona/-/sona-1.0.3.tgz",
      "integrity": "sha1-fO0U5feguhEhrGwibQr2PkrN5xQ="
    },
    "node_modules/uglify-js": {
      "version": "3.14.4",
      "resolved": "https://registry.npmjs.org/uglify-js/-/uglify-js-3.14.4.tgz",
      "integrity": "sha512-AbiSR44J0GoCeV81+oxcy/jDOElO2Bx3d0MfQCUShq7JRXaM4KtQopZsq2vFv8bCq2yMaGrw1FgygUd03RyRDA==",
      "dev": true,
      "bin": {
        "uglifyjs": "bin/uglifyjs"
      },
      "engines": {
        "node": ">=0.8.0"
      }
    }
  },
  "dependencies": {
    "arcadia": {
      "version": "2.0.1",
      "resolved": "https://registry.npmjs.org/arcadia/-/arcadia-2.0.1.tgz",
      "integrity": "sha1-vhrTTdIpbiVxNGVjdkMmll5mIkU="
    },
    "sona": {
      "version": "1.0.3",
      "resolved": "https://registry.npmjs.org/sona/-/sona-1.0.3.tgz",
      "integrity": "sha1-fO0U5feguhEhrGwibQr2PkrN5xQ="
    },
    "uglify-js": {
      "version": "3.14.4",
      "resolved": "https://registry.npmjs.org/uglify-js/-/uglify-js-3.14.4.tgz",
      "integrity": "sha512-AbiSR44J0GoCeV81+oxcy/jDOElO2Bx3d0MfQCUShq7JRXaM4KtQopZsq2vFv8bCq2yMaGrw1FgygUd03RyRDA==",
      "dev": true
    }
  }
}
